
Microsoft Visual Studio Solution File, Format Version 12.00
# Visual Studio Version 16
VisualStudioVersion = 16.0.31911.196
MinimumVisualStudioVersion = 10.0.40219.1
Project("{9A19103F-16F7-4668-BE54-9A1E7A4F7556}") = "Day01Tests", "Days\Day1\Day1Tests\Day01Tests.csproj", "{3F0979B2-8A6D-42E9-8FAF-75B77FC9C2F6}"
EndProject
Project("{9A19103F-16F7-4668-BE54-9A1E7A4F7556}") = "Day02Tests", "Days\Day2\Day2Tests\Day02Tests.csproj", "{C6BD9938-1B92-416A-8CDC-7E9E8132F58B}"
EndProject
Project("{9A19103F-16F7-4668-BE54-9A1E7A4F7556}") = "Day03Tests", "Days\Day3\Day3Tests\Day03Tests.csproj", "{A35496B1-5FC0-484D-AE4C-EEA12C337070}"
EndProject
Project("{9A19103F-16F7-4668-BE54-9A1E7A4F7556}") = "Day04Tests", "Days\Day4\Day4Tests\Day04Tests.csproj", "{670A5DB6-26D8-4B2A-83CB-E0FB00DD3F7C}"
EndProject
Project("{9A19103F-16F7-4668-BE54-9A1E7A4F7556}") = "Day05Tests", "Days\Day5\Day5Tests\Day05Tests.csproj", "{45700406-277D-4869-B046-B7141D983878}"
EndProject
Project("{9A19103F-16F7-4668-BE54-9A1E7A4F7556}") = "Day15Tests", "Days\Day15\Day15Tests\Day15Tests.csproj", "{69E494C8-FCE8-41FD-8017-CBC5486EC1B1}"
EndProject
Project("{9A19103F-16F7-4668-BE54-9A1E7A4F7556}") = "Day10Tests", "Days\Day10\Day10Tests\Day10Tests.csproj", "{3AB22334-C441-441C-975D-D68837D29B07}"
EndProject
Project("{9A19103F-16F7-4668-BE54-9A1E7A4F7556}") = "Day06Tests", "Days\Day6\Day6Tests\Day06Tests.csproj", "{DED03D5C-4678-413F-933A-A3B3CB0D8DC2}"
EndProject
Project("{9A19103F-16F7-4668-BE54-9A1E7A4F7556}") = "Day07Tests", "Days\Day7\Day07Tests\Day07Tests.csproj", "{347661A2-B196-4683-8C41-49829F4E883C}"
EndProject
Project("{FAE04EC0-301F-11D3-BF4B-00C04F79EFBC}") = "Day09Tests", "Days\Day9\Day09Tests\Day09Tests.csproj", "{2E7E9DC5-C3D2-4399-85F7-D06AE20C5B94}"
EndProject
Project("{FAE04EC0-301F-11D3-BF4B-00C04F79EFBC}") = "Day14Tests", "Days\14\Day14Tests\Day14Tests.csproj", "{678B9778-1683-49C7-BF27-C32A58979298}"
EndProject
Global
	GlobalSection(SolutionConfigurationPlatforms) = preSolution
		Debug|Any CPU = Debug|Any CPU
		Release|Any CPU = Release|Any CPU
	EndGlobalSection
	GlobalSection(ProjectConfigurationPlatforms) = postSolution
		{3F0979B2-8A6D-42E9-8FAF-75B77FC9C2F6}.Debug|Any CPU.ActiveCfg = Debug|Any CPU
		{3F0979B2-8A6D-42E9-8FAF-75B77FC9C2F6}.Debug|Any CPU.Build.0 = Debug|Any CPU
		{3F0979B2-8A6D-42E9-8FAF-75B77FC9C2F6}.Release|Any CPU.ActiveCfg = Release|Any CPU
		{3F0979B2-8A6D-42E9-8FAF-75B77FC9C2F6}.Release|Any CPU.Build.0 = Release|Any CPU
		{C6BD9938-1B92-416A-8CDC-7E9E8132F58B}.Debug|Any CPU.ActiveCfg = Debug|Any CPU
		{C6BD9938-1B92-416A-8CDC-7E9E8132F58B}.Debug|Any CPU.Build.0 = Debug|Any CPU
		{C6BD9938-1B92-416A-8CDC-7E9E8132F58B}.Release|Any CPU.ActiveCfg = Release|Any CPU
		{C6BD9938-1B92-416A-8CDC-7E9E8132F58B}.Release|Any CPU.Build.0 = Release|Any CPU
		{A35496B1-5FC0-484D-AE4C-EEA12C337070}.Debug|Any CPU.ActiveCfg = Debug|Any CPU
		{A35496B1-5FC0-484D-AE4C-EEA12C337070}.Debug|Any CPU.Build.0 = Debug|Any CPU
		{A35496B1-5FC0-484D-AE4C-EEA12C337070}.Release|Any CPU.ActiveCfg = Release|Any CPU
		{A35496B1-5FC0-484D-AE4C-EEA12C337070}.Release|Any CPU.Build.0 = Release|Any CPU
		{670A5DB6-26D8-4B2A-83CB-E0FB00DD3F7C}.Debug|Any CPU.ActiveCfg = Debug|Any CPU
		{670A5DB6-26D8-4B2A-83CB-E0FB00DD3F7C}.Debug|Any CPU.Build.0 = Debug|Any CPU
		{670A5DB6-26D8-4B2A-83CB-E0FB00DD3F7C}.Release|Any CPU.ActiveCfg = Release|Any CPU
		{670A5DB6-26D8-4B2A-83CB-E0FB00DD3F7C}.Release|Any CPU.Build.0 = Release|Any CPU
		{45700406-277D-4869-B046-B7141D983878}.Debug|Any CPU.ActiveCfg = Debug|Any CPU
		{45700406-277D-4869-B046-B7141D983878}.Debug|Any CPU.Build.0 = Debug|Any CPU
		{45700406-277D-4869-B046-B7141D983878}.Release|Any CPU.ActiveCfg = Release|Any CPU
		{45700406-277D-4869-B046-B7141D983878}.Release|Any CPU.Build.0 = Release|Any CPU
		{69E494C8-FCE8-41FD-8017-CBC5486EC1B1}.Debug|Any CPU.ActiveCfg = Debug|Any CPU
		{69E494C8-FCE8-41FD-8017-CBC5486EC1B1}.Debug|Any CPU.Build.0 = Debug|Any CPU
		{69E494C8-FCE8-41FD-8017-CBC5486EC1B1}.Release|Any CPU.ActiveCfg = Release|Any CPU
		{69E494C8-FCE8-41FD-8017-CBC5486EC1B1}.Release|Any CPU.Build.0 = Release|Any CPU
		{3AB22334-C441-441C-975D-D68837D29B07}.Debug|Any CPU.ActiveCfg = Debug|Any CPU
		{3AB22334-C441-441C-975D-D68837D29B07}.Debug|Any CPU.Build.0 = Debug|Any CPU
		{3AB22334-C441-441C-975D-D68837D29B07}.Release|Any CPU.ActiveCfg = Release|Any CPU
		{3AB22334-C441-441C-975D-D68837D29B07}.Release|Any CPU.Build.0 = Release|Any CPU
		{DED03D5C-4678-413F-933A-A3B3CB0D8DC2}.Debug|Any CPU.ActiveCfg = Debug|Any CPU
		{DED03D5C-4678-413F-933A-A3B3CB0D8DC2}.Debug|Any CPU.Build.0 = Debug|Any CPU
		{DED03D5C-4678-413F-933A-A3B3CB0D8DC2}.Release|Any CPU.ActiveCfg = Release|Any CPU
		{DED03D5C-4678-413F-933A-A3B3CB0D8DC2}.Release|Any CPU.Build.0 = Release|Any CPU
		{347661A2-B196-4683-8C41-49829F4E883C}.Debug|Any CPU.ActiveCfg = Debug|Any CPU
		{347661A2-B196-4683-8C41-49829F4E883C}.Debug|Any CPU.Build.0 = Debug|Any CPU
		{347661A2-B196-4683-8C41-49829F4E883C}.Release|Any CPU.ActiveCfg = Release|Any CPU
		{347661A2-B196-4683-8C41-49829F4E883C}.Release|Any CPU.Build.0 = Release|Any CPU
		{2E7E9DC5-C3D2-4399-85F7-D06AE20C5B94}.Debug|Any CPU.ActiveCfg = Debug|Any CPU
		{2E7E9DC5-C3D2-4399-85F7-D06AE20C5B94}.Debug|Any CPU.Build.0 = Debug|Any CPU
		{2E7E9DC5-C3D2-4399-85F7-D06AE20C5B94}.Release|Any CPU.ActiveCfg = Release|Any CPU
		{2E7E9DC5-C3D2-4399-85F7-D06AE20C5B94}.Release|Any CPU.Build.0 = Release|Any CPU
		{678B9778-1683-49C7-BF27-C32A58979298}.Debug|Any CPU.ActiveCfg = Debug|Any CPU
		{678B9778-1683-49C7-BF27-C32A58979298}.Debug|Any CPU.Build.0 = Debug|Any CPU
		{678B9778-1683-49C7-BF27-C32A58979298}.Release|Any CPU.ActiveCfg = Release|Any CPU
		{678B9778-1683-49C7-BF27-C32A58979298}.Release|Any CPU.Build.0 = Release|Any CPU
	EndGlobalSection
	GlobalSection(SolutionProperties) = preSolution
		HideSolutionNode = FALSE
	EndGlobalSection
	GlobalSection(ExtensibilityGlobals) = postSolution
		SolutionGuid = {5C45C123-69EA-457E-A2D7-B9DF0165AC7F}
	EndGlobalSection
EndGlobal
